
Microsoft Visual Studio Solution File, Format Version 12.00
# Visual Studio Version 17
VisualStudioVersion = 17.5.33424.131
MinimumVisualStudioVersion = 10.0.40219.1
Project("{FAE04EC0-301F-11D3-BF4B-00C04F79EFBC}") = "awsedfrgt3e4", "awsedfrgt3e4\awsedfrgt3e4.csproj", "{8BFD5890-8334-489E-ADEB-E24EF4A38D02}"
EndProject
Global
	GlobalSection(SolutionConfigurationPlatforms) = preSolution
		Debug|Any CPU = Debug|Any CPU
		Release|Any CPU = Release|Any CPU
	EndGlobalSection
	GlobalSection(ProjectConfigurationPlatforms) = postSolution
		{8BFD5890-8334-489E-ADEB-E24EF4A38D02}.Debug|Any CPU.ActiveCfg = Debug|Any CPU
		{8BFD5890-8334-489E-ADEB-E24EF4A38D02}.Debug|Any CPU.Build.0 = Debug|Any CPU
		{8BFD5890-8334-489E-ADEB-E24EF4A38D02}.Release|Any CPU.ActiveCfg = Release|Any CPU
		{8BFD5890-8334-489E-ADEB-E24EF4A38D02}.Release|Any CPU.Build.0 = Release|Any CPU
	EndGlobalSection
	GlobalSection(SolutionProperties) = preSolution
		HideSolutionNode = FALSE
	EndGlobalSection
	GlobalSection(ExtensibilityGlobals) = postSolution
		SolutionGuid = {9F99F093-20B6-4810-91EE-21A2466834D7}
	EndGlobalSection
EndGlobal
